// !$*UTF8*$!
{
	archiveVersion = 1;
	classes = {
	};
	objectVersion = 46;
	objects = {

/* Begin PBXBuildFile section */
		6EB5F7401E7C7E9C0000171E /* Visao.m in Sources */ = {isa = PBXBuildFile; fileRef = 6EB5F73F1E7C7E9C0000171E /* Visao.m */; };
		D42A4E681E79DB0E000C90DE /* main.m in Sources */ = {isa = PBXBuildFile; fileRef = D42A4E671E79DB0E000C90DE /* main.m */; };
		D42A4E711E79DB59000C90DE /* Pokemon.m in Sources */ = {isa = PBXBuildFile; fileRef = D42A4E701E79DB59000C90DE /* Pokemon.m */; };
		D42A4E741E79DB6C000C90DE /* Jogador.m in Sources */ = {isa = PBXBuildFile; fileRef = D42A4E731E79DB6C000C90DE /* Jogador.m */; };
		D42A4E771E79DBA0000C90DE /* Ginasio.m in Sources */ = {isa = PBXBuildFile; fileRef = D42A4E761E79DBA0000C90DE /* Ginasio.m */; };
/* End PBXBuildFile section */

/* Begin PBXCopyFilesBuildPhase section */
		D42A4E621E79DB0E000C90DE /* CopyFiles */ = {
			isa = PBXCopyFilesBuildPhase;
			buildActionMask = 2147483647;
			dstPath = /usr/share/man/man1/;
			dstSubfolderSpec = 0;
			files = (
			);
			runOnlyForDeploymentPostprocessing = 1;
		};
/* End PBXCopyFilesBuildPhase section */

/* Begin PBXFileReference section */
		6EB5F73E1E7C7E9C0000171E /* Visao.h */ = {isa = PBXFileReference; fileEncoding = 4; lastKnownFileType = sourcecode.c.h; path = Visao.h; sourceTree = "<group>"; };
		6EB5F73F1E7C7E9C0000171E /* Visao.m */ = {isa = PBXFileReference; fileEncoding = 4; lastKnownFileType = sourcecode.c.objc; path = Visao.m; sourceTree = "<group>"; };
		D42A4E641E79DB0E000C90DE /* DesafioPokemon */ = {isa = PBXFileReference; explicitFileType = "compiled.mach-o.executable"; includeInIndex = 0; path = DesafioPokemon; sourceTree = BUILT_PRODUCTS_DIR; };
		D42A4E671E79DB0E000C90DE /* main.m */ = {isa = PBXFileReference; lastKnownFileType = sourcecode.c.objc; path = main.m; sourceTree = "<group>"; };
		D42A4E6F1E79DB59000C90DE /* Pokemon.h */ = {isa = PBXFileReference; fileEncoding = 4; lastKnownFileType = sourcecode.c.h; path = Pokemon.h; sourceTree = "<group>"; };
		D42A4E701E79DB59000C90DE /* Pokemon.m */ = {isa = PBXFileReference; fileEncoding = 4; lastKnownFileType = sourcecode.c.objc; path = Pokemon.m; sourceTree = "<group>"; };
		D42A4E721E79DB6C000C90DE /* Jogador.h */ = {isa = PBXFileReference; fileEncoding = 4; lastKnownFileType = sourcecode.c.h; path = Jogador.h; sourceTree = "<group>"; };
		D42A4E731E79DB6C000C90DE /* Jogador.m */ = {isa = PBXFileReference; fileEncoding = 4; lastKnownFileType = sourcecode.c.objc; path = Jogador.m; sourceTree = "<group>"; };
		D42A4E751E79DBA0000C90DE /* Ginasio.h */ = {isa = PBXFileReference; fileEncoding = 4; lastKnownFileType = sourcecode.c.h; path = Ginasio.h; sourceTree = "<group>"; };
		D42A4E761E79DBA0000C90DE /* Ginasio.m */ = {isa = PBXFileReference; fileEncoding = 4; lastKnownFileType = sourcecode.c.objc; path = Ginasio.m; sourceTree = "<group>"; };
/* End PBXFileReference section */

/* Begin PBXFrameworksBuildPhase section */
		D42A4E611E79DB0E000C90DE /* Frameworks */ = {
			isa = PBXFrameworksBuildPhase;
			buildActionMask = 2147483647;
			files = (
			);
			runOnlyForDeploymentPostprocessing = 0;
		};
/* End PBXFrameworksBuildPhase section */

/* Begin PBXGroup section */
		D42A4E5B1E79DB0D000C90DE = {
			isa = PBXGroup;
			children = (
				D42A4E661E79DB0E000C90DE /* DesafioPokemon */,
				D42A4E651E79DB0E000C90DE /* Products */,
			);
			sourceTree = "<group>";
		};
		D42A4E651E79DB0E000C90DE /* Products */ = {
			isa = PBXGroup;
			children = (
				D42A4E641E79DB0E000C90DE /* DesafioPokemon */,
			);
			name = Products;
			sourceTree = "<group>";
		};
		D42A4E661E79DB0E000C90DE /* DesafioPokemon */ = {
			isa = PBXGroup;
			children = (
				D4A375F11E7B3140008ACBBC /* View */,
				D4A375F01E7B3132008ACBBC /* Controller */,
				D42A4E6E1E79DB25000C90DE /* Model */,
			);
			path = DesafioPokemon;
			sourceTree = "<group>";
		};
		D42A4E6E1E79DB25000C90DE /* Model */ = {
			isa = PBXGroup;
			children = (
				D42A4E6F1E79DB59000C90DE /* Pokemon.h */,
				D42A4E701E79DB59000C90DE /* Pokemon.m */,
				D42A4E721E79DB6C000C90DE /* Jogador.h */,
				D42A4E731E79DB6C000C90DE /* Jogador.m */,
				D42A4E751E79DBA0000C90DE /* Ginasio.h */,
				D42A4E761E79DBA0000C90DE /* Ginasio.m */,
			);
			name = Model;
			sourceTree = "<group>";
		};
		D4A375F01E7B3132008ACBBC /* Controller */ = {
			isa = PBXGroup;
			children = (
				D42A4E671E79DB0E000C90DE /* main.m */,
			);
			name = Controller;
			sourceTree = "<group>";
		};
		D4A375F11E7B3140008ACBBC /* View */ = {
			isa = PBXGroup;
			children = (
				6EB5F73E1E7C7E9C0000171E /* Visao.h */,
				6EB5F73F1E7C7E9C0000171E /* Visao.m */,
			);
			name = View;
			sourceTree = "<group>";
		};
/* End PBXGroup section */

/* Begin PBXNativeTarget section */
		D42A4E631E79DB0E000C90DE /* DesafioPokemon */ = {
			isa = PBXNativeTarget;
			buildConfigurationList = D42A4E6B1E79DB0E000C90DE /* Build configuration list for PBXNativeTarget "DesafioPokemon" */;
			buildPhases = (
				D42A4E601E79DB0E000C90DE /* Sources */,
				D42A4E611E79DB0E000C90DE /* Frameworks */,
				D42A4E621E79DB0E000C90DE /* CopyFiles */,
			);
			buildRules = (
			);
			dependencies = (
			);
			name = DesafioPokemon;
			productName = DesafioPokemon;
			productReference = D42A4E641E79DB0E000C90DE /* DesafioPokemon */;
			productType = "com.apple.product-type.tool";
		};
/* End PBXNativeTarget section */

/* Begin PBXProject section */
		D42A4E5C1E79DB0D000C90DE /* Project object */ = {
			isa = PBXProject;
			attributes = {
				LastUpgradeCheck = 0820;
				ORGANIZATIONNAME = "Geovanni Oliveira de Jesus";
				TargetAttributes = {
					D42A4E631E79DB0E000C90DE = {
						CreatedOnToolsVersion = 8.2.1;
						DevelopmentTeam = 7CN8A9X5L6;
						ProvisioningStyle = Automatic;
					};
				};
			};
			buildConfigurationList = D42A4E5F1E79DB0D000C90DE /* Build configuration list for PBXProject "DesafioPokemon" */;
			compatibilityVersion = "Xcode 3.2";
			developmentRegion = English;
			hasScannedForEncodings = 0;
			knownRegions = (
				en,
			);
			mainGroup = D42A4E5B1E79DB0D000C90DE;
			productRefGroup = D42A4E651E79DB0E000C90DE /* Products */;
			projectDirPath = "";
			projectRoot = "";
			targets = (
				D42A4E631E79DB0E000C90DE /* DesafioPokemon */,
			);
		};
/* End PBXProject section */

/* Begin PBXSourcesBuildPhase section */
		D42A4E601E79DB0E000C90DE /* Sources */ = {
			isa = PBXSourcesBuildPhase;
			buildActionMask = 2147483647;
			files = (
				6EB5F7401E7C7E9C0000171E /* Visao.m in Sources */,
				D42A4E681E79DB0E000C90DE /* main.m in Sources */,
				D42A4E741E79DB6C000C90DE /* Jogador.m in Sources */,
				D42A4E771E79DBA0000C90DE /* Ginasio.m in Sources */,
				D42A4E711E79DB59000C90DE /* Pokemon.m in Sources */,
			);
			runOnlyForDeploymentPostprocessing = 0;
		};
/* End PBXSourcesBuildPhase section */

/* Begin XCBuildConfiguration section */
		D42A4E691E79DB0E000C90DE /* Debug */ = {
			isa = XCBuildConfiguration;
			buildSettings = {
				ALWAYS_SEARCH_USER_PATHS = NO;
				CLANG_ANALYZER_NONNULL = YES;
				CLANG_CXX_LANGUAGE_STANDARD = "gnu++0x";
				CLANG_CXX_LIBRARY = "libc++";
				CLANG_ENABLE_MODULES = YES;
				CLANG_ENABLE_OBJC_ARC = YES;
				CLANG_WARN_BOOL_CONVERSION = YES;
				CLANG_WARN_CONSTANT_CONVERSION = YES;
				CLANG_WARN_DIRECT_OBJC_ISA_USAGE = YES_ERROR;
				CLANG_WARN_DOCUMENTATION_COMMENTS = YES;
				CLANG_WARN_EMPTY_BODY = YES;
				CLANG_WARN_ENUM_CONVERSION = YES;
				CLANG_WARN_INFINITE_RECURSION = YES;
				CLANG_WARN_INT_CONVERSION = YES;
				CLANG_WARN_OBJC_ROOT_CLASS = YES_ERROR;
				CLANG_WARN_SUSPICIOUS_MOVE = YES;
				CLANG_WARN_UNREACHABLE_CODE = YES;
				CLANG_WARN__DUPLICATE_METHOD_MATCH = YES;
				CODE_SIGN_IDENTITY = "-";
				COPY_PHASE_STRIP = NO;
				DEBUG_INFORMATION_FORMAT = dwarf;
				ENABLE_STRICT_OBJC_MSGSEND = YES;
				ENABLE_TESTABILITY = YES;
				GCC_C_LANGUAGE_STANDARD = gnu99;
				GCC_DYNAMIC_NO_PIC = NO;
				GCC_NO_COMMON_BLOCKS = YES;
				GCC_OPTIMIZATION_LEVEL = 0;
				GCC_PREPROCESSOR_DEFINITIONS = (
					"DEBUG=1",
					"$(inherited)",
				);
				GCC_WARN_64_TO_32_BIT_CONVERSION = YES;
				GCC_WARN_ABOUT_RETURN_TYPE = YES_ERROR;
				GCC_WARN_UNDECLARED_SELECTOR = YES;
				GCC_WARN_UNINITIALIZED_AUTOS = YES_AGGRESSIVE;
				GCC_WARN_UNUSED_FUNCTION = YES;
				GCC_WARN_UNUSED_VARIABLE = YES;
				MACOSX_DEPLOYMENT_TARGET = 10.12;
				MTL_ENABLE_DEBUG_INFO = YES;
				ONLY_ACTIVE_ARCH = YES;
				SDKROOT = macosx;
			};
			name = Debug;
		};
		D42A4E6A1E79DB0E000C90DE /* Release */ = {
			isa = XCBuildConfiguration;
			buildSettings = {
				ALWAYS_SEARCH_USER_PATHS = NO;
				CLANG_ANALYZER_NONNULL = YES;
				CLANG_CXX_LANGUAGE_STANDARD = "gnu++0x";
				CLANG_CXX_LIBRARY = "libc++";
				CLANG_ENABLE_MODULES = YES;
				CLANG_ENABLE_OBJC_ARC = YES;
				CLANG_WARN_BOOL_CONVERSION = YES;
				CLANG_WARN_CONSTANT_CONVERSION = YES;
				CLANG_WARN_DIRECT_OBJC_ISA_USAGE = YES_ERROR;
				CLANG_WARN_DOCUMENTATION_COMMENTS = YES;
				CLANG_WARN_EMPTY_BODY = YES;
				CLANG_WARN_ENUM_CONVERSION = YES;
				CLANG_WARN_INFINITE_RECURSION = YES;
				CLANG_WARN_INT_CONVERSION = YES;
				CLANG_WARN_OBJC_ROOT_CLASS = YES_ERROR;
				CLANG_WARN_SUSPICIOUS_MOVE = YES;
				CLANG_WARN_UNREACHABLE_CODE = YES;
				CLANG_WARN__DUPLICATE_METHOD_MATCH = YES;
				CODE_SIGN_IDENTITY = "-";
				COPY_PHASE_STRIP = NO;
				DEBUG_INFORMATION_FORMAT = "dwarf-with-dsym";
				ENABLE_NS_ASSERTIONS = NO;
				ENABLE_STRICT_OBJC_MSGSEND = YES;
				GCC_C_LANGUAGE_STANDARD = gnu99;
				GCC_NO_COMMON_BLOCKS = YES;
				GCC_WARN_64_TO_32_BIT_CONVERSION = YES;
				GCC_WARN_ABOUT_RETURN_TYPE = YES_ERROR;
				GCC_WARN_UNDECLARED_SELECTOR = YES;
				GCC_WARN_UNINITIALIZED_AUTOS = YES_AGGRESSIVE;
				GCC_WARN_UNUSED_FUNCTION = YES;
				GCC_WARN_UNUSED_VARIABLE = YES;
				MACOSX_DEPLOYMENT_TARGET = 10.12;
				MTL_ENABLE_DEBUG_INFO = NO;
				SDKROOT = macosx;
			};
			name = Release;
		};
		D42A4E6C1E79DB0E000C90DE /* Debug */ = {
			isa = XCBuildConfiguration;
			buildSettings = {
				DEVELOPMENT_TEAM = 7CN8A9X5L6;
				PRODUCT_NAME = "$(TARGET_NAME)";
			};
			name = Debug;
		};
		D42A4E6D1E79DB0E000C90DE /* Release */ = {
			isa = XCBuildConfiguration;
			buildSettings = {
				DEVELOPMENT_TEAM = 7CN8A9X5L6;
				PRODUCT_NAME = "$(TARGET_NAME)";
			};
			name = Release;
		};
/* End XCBuildConfiguration section */

/* Begin XCConfigurationList section */
		D42A4E5F1E79DB0D000C90DE /* Build configuration list for PBXProject "DesafioPokemon" */ = {
			isa = XCConfigurationList;
			buildConfigurations = (
				D42A4E691E79DB0E000C90DE /* Debug */,
				D42A4E6A1E79DB0E000C90DE /* Release */,
			);
			defaultConfigurationIsVisible = 0;
			defaultConfigurationName = Release;
		};
		D42A4E6B1E79DB0E000C90DE /* Build configuration list for PBXNativeTarget "DesafioPokemon" */ = {
			isa = XCConfigurationList;
			buildConfigurations = (
				D42A4E6C1E79DB0E000C90DE /* Debug */,
				D42A4E6D1E79DB0E000C90DE /* Release */,
			);
			defaultConfigurationIsVisible = 0;
			defaultConfigurationName = Release;
		};
/* End XCConfigurationList section */
	};
	rootObject = D42A4E5C1E79DB0D000C90DE /* Project object */;
}
